
Microsoft Visual Studio Solution File, Format Version 12.00
Project("{FAE04EC0-301F-11D3-BF4B-00C04F79EFBC}") = "MQTTTest", "MQTTTest\MQTTTest.csproj", "{C406ADF5-D033-48F9-A27C-6E80646C0D07}"
EndProject
Global
	GlobalSection(SolutionConfigurationPlatforms) = preSolution
		Debug|Any CPU = Debug|Any CPU
		Release|Any CPU = Release|Any CPU
	EndGlobalSection
	GlobalSection(ProjectConfigurationPlatforms) = postSolution
		{C406ADF5-D033-48F9-A27C-6E80646C0D07}.Debug|Any CPU.ActiveCfg = Debug|Any CPU
		{C406ADF5-D033-48F9-A27C-6E80646C0D07}.Debug|Any CPU.Build.0 = Debug|Any CPU
		{C406ADF5-D033-48F9-A27C-6E80646C0D07}.Release|Any CPU.ActiveCfg = Release|Any CPU
		{C406ADF5-D033-48F9-A27C-6E80646C0D07}.Release|Any CPU.Build.0 = Release|Any CPU
	EndGlobalSection
EndGlobal
